
Microsoft Visual Studio Solution File, Format Version 12.00
# Visual Studio Version 17
VisualStudioVersion = 17.0.31903.59
MinimumVisualStudioVersion = 10.0.40219.1
Project("{9A19103F-16F7-4668-BE54-9A1E7A4F7556}") = "fictional-octo-giggle", "fictional-octo-giggle.csproj", "{760CE3F8-E5DE-47E2-95DB-0E4BEF401999}"
EndProject
Global
	GlobalSection(SolutionConfigurationPlatforms) = preSolution
		Debug|Any CPU = Debug|Any CPU
		Release|Any CPU = Release|Any CPU
	EndGlobalSection
	GlobalSection(ProjectConfigurationPlatforms) = postSolution
		{760CE3F8-E5DE-47E2-95DB-0E4BEF401999}.Debug|Any CPU.ActiveCfg = Debug|Any CPU
		{760CE3F8-E5DE-47E2-95DB-0E4BEF401999}.Debug|Any CPU.Build.0 = Debug|Any CPU
		{760CE3F8-E5DE-47E2-95DB-0E4BEF401999}.Release|Any CPU.ActiveCfg = Release|Any CPU
		{760CE3F8-E5DE-47E2-95DB-0E4BEF401999}.Release|Any CPU.Build.0 = Release|Any CPU
	EndGlobalSection
	GlobalSection(SolutionProperties) = preSolution
		HideSolutionNode = FALSE
	EndGlobalSection
	GlobalSection(ExtensibilityGlobals) = postSolution
		SolutionGuid = {F0889251-5CF5-4A2E-8DC2-D880292262D8}
	EndGlobalSection
EndGlobal
